
Microsoft Visual Studio Solution File, Format Version 12.00
# Visual Studio Version 17
VisualStudioVersion = 17.1.32421.90
MinimumVisualStudioVersion = 10.0.40219.1
Project("{FAE04EC0-301F-11D3-BF4B-00C04F79EFBC}") = "TempoTuneAPI", "TempoTuneAPI\TempoTuneAPI.csproj", "{59F59328-EAFD-4690-8596-FE9BD0F4003C}"
EndProject
Global
	GlobalSection(SolutionConfigurationPlatforms) = preSolution
		Debug|Any CPU = Debug|Any CPU
		Release|Any CPU = Release|Any CPU
	EndGlobalSection
	GlobalSection(ProjectConfigurationPlatforms) = postSolution
		{59F59328-EAFD-4690-8596-FE9BD0F4003C}.Debug|Any CPU.ActiveCfg = Debug|Any CPU
		{59F59328-EAFD-4690-8596-FE9BD0F4003C}.Debug|Any CPU.Build.0 = Debug|Any CPU
		{59F59328-EAFD-4690-8596-FE9BD0F4003C}.Release|Any CPU.ActiveCfg = Release|Any CPU
		{59F59328-EAFD-4690-8596-FE9BD0F4003C}.Release|Any CPU.Build.0 = Release|Any CPU
	EndGlobalSection
	GlobalSection(SolutionProperties) = preSolution
		HideSolutionNode = FALSE
	EndGlobalSection
	GlobalSection(ExtensibilityGlobals) = postSolution
		SolutionGuid = {B8153032-22D6-429A-A4B4-8CA3160F14A5}
	EndGlobalSection
EndGlobal
